
Microsoft Visual Studio Solution File, Format Version 12.00
Project("{FAE04EC0-301F-11D3-BF4B-00C04F79EFBC}") = "DesktopApp", "DesktopApp\DesktopApp.csproj", "{515E9C75-617F-411A-AD2D-609387F9B9B4}"
EndProject
Project("{FAE04EC0-301F-11D3-BF4B-00C04F79EFBC}") = "AppLib", "AppLib\AppLib.csproj", "{104699F7-7B49-4DFF-9599-53E96EA1E66A}"
EndProject
Project("{FAE04EC0-301F-11D3-BF4B-00C04F79EFBC}") = "TestConsole", "TestConsole\TestConsole.csproj", "{84759966-FDA0-49FD-A423-F9C826DFF848}"
EndProject
Project("{FAE04EC0-301F-11D3-BF4B-00C04F79EFBC}") = "QuickGraph", "QuickGraph\QuickGraph.csproj", "{E6BCDB2F-ABFE-4160-B983-1C4A955DD9B3}"
EndProject
Project("{FAE04EC0-301F-11D3-BF4B-00C04F79EFBC}") = "GraphSharp", "GraphSharp\GraphSharp.csproj", "{7C9133FC-A32E-4B6C-BF20-2355324817A9}"
EndProject
Project("{FAE04EC0-301F-11D3-BF4B-00C04F79EFBC}") = "GraphSharp.Wpf", "GraphSharp.Wpf\GraphSharp.Wpf.csproj", "{BC94D6A5-EF4F-4773-99B8-90A08A2F1E30}"
EndProject
Global
	GlobalSection(SolutionConfigurationPlatforms) = preSolution
		Debug|Any CPU = Debug|Any CPU
		Release|Any CPU = Release|Any CPU
	EndGlobalSection
	GlobalSection(ProjectConfigurationPlatforms) = postSolution
		{515E9C75-617F-411A-AD2D-609387F9B9B4}.Debug|Any CPU.ActiveCfg = Debug|Any CPU
		{515E9C75-617F-411A-AD2D-609387F9B9B4}.Debug|Any CPU.Build.0 = Debug|Any CPU
		{515E9C75-617F-411A-AD2D-609387F9B9B4}.Release|Any CPU.ActiveCfg = Release|Any CPU
		{515E9C75-617F-411A-AD2D-609387F9B9B4}.Release|Any CPU.Build.0 = Release|Any CPU
		{104699F7-7B49-4DFF-9599-53E96EA1E66A}.Debug|Any CPU.ActiveCfg = Debug|Any CPU
		{104699F7-7B49-4DFF-9599-53E96EA1E66A}.Debug|Any CPU.Build.0 = Debug|Any CPU
		{104699F7-7B49-4DFF-9599-53E96EA1E66A}.Release|Any CPU.ActiveCfg = Release|Any CPU
		{104699F7-7B49-4DFF-9599-53E96EA1E66A}.Release|Any CPU.Build.0 = Release|Any CPU
		{84759966-FDA0-49FD-A423-F9C826DFF848}.Debug|Any CPU.ActiveCfg = Debug|Any CPU
		{84759966-FDA0-49FD-A423-F9C826DFF848}.Debug|Any CPU.Build.0 = Debug|Any CPU
		{84759966-FDA0-49FD-A423-F9C826DFF848}.Release|Any CPU.ActiveCfg = Release|Any CPU
		{84759966-FDA0-49FD-A423-F9C826DFF848}.Release|Any CPU.Build.0 = Release|Any CPU
		{E6BCDB2F-ABFE-4160-B983-1C4A955DD9B3}.Debug|Any CPU.ActiveCfg = Debug|Any CPU
		{E6BCDB2F-ABFE-4160-B983-1C4A955DD9B3}.Debug|Any CPU.Build.0 = Debug|Any CPU
		{E6BCDB2F-ABFE-4160-B983-1C4A955DD9B3}.Release|Any CPU.ActiveCfg = Release|Any CPU
		{E6BCDB2F-ABFE-4160-B983-1C4A955DD9B3}.Release|Any CPU.Build.0 = Release|Any CPU
		{7C9133FC-A32E-4B6C-BF20-2355324817A9}.Debug|Any CPU.ActiveCfg = Debug|Any CPU
		{7C9133FC-A32E-4B6C-BF20-2355324817A9}.Debug|Any CPU.Build.0 = Debug|Any CPU
		{7C9133FC-A32E-4B6C-BF20-2355324817A9}.Release|Any CPU.ActiveCfg = Release|Any CPU
		{7C9133FC-A32E-4B6C-BF20-2355324817A9}.Release|Any CPU.Build.0 = Release|Any CPU
		{BC94D6A5-EF4F-4773-99B8-90A08A2F1E30}.Debug|Any CPU.ActiveCfg = Debug|Any CPU
		{BC94D6A5-EF4F-4773-99B8-90A08A2F1E30}.Debug|Any CPU.Build.0 = Debug|Any CPU
		{BC94D6A5-EF4F-4773-99B8-90A08A2F1E30}.Release|Any CPU.ActiveCfg = Release|Any CPU
		{BC94D6A5-EF4F-4773-99B8-90A08A2F1E30}.Release|Any CPU.Build.0 = Release|Any CPU
	EndGlobalSection
EndGlobal
